
Microsoft Visual Studio Solution File, Format Version 12.00
# Visual Studio Version 16
VisualStudioVersion = 16.0.30523.141
MinimumVisualStudioVersion = 10.0.40219.1
Project("{FAE04EC0-301F-11D3-BF4B-00C04F79EFBC}") = "AsmitaSharma_Lab01", "AsmitaSharma_Lab01\AsmitaSharma_Lab01.csproj", "{52209ED0-438F-46B0-8F16-5EAB14E04A2A}"
EndProject
Global
	GlobalSection(SolutionConfigurationPlatforms) = preSolution
		Debug|Any CPU = Debug|Any CPU
		Release|Any CPU = Release|Any CPU
	EndGlobalSection
	GlobalSection(ProjectConfigurationPlatforms) = postSolution
		{52209ED0-438F-46B0-8F16-5EAB14E04A2A}.Debug|Any CPU.ActiveCfg = Debug|Any CPU
		{52209ED0-438F-46B0-8F16-5EAB14E04A2A}.Debug|Any CPU.Build.0 = Debug|Any CPU
		{52209ED0-438F-46B0-8F16-5EAB14E04A2A}.Release|Any CPU.ActiveCfg = Release|Any CPU
		{52209ED0-438F-46B0-8F16-5EAB14E04A2A}.Release|Any CPU.Build.0 = Release|Any CPU
	EndGlobalSection
	GlobalSection(SolutionProperties) = preSolution
		HideSolutionNode = FALSE
	EndGlobalSection
	GlobalSection(ExtensibilityGlobals) = postSolution
		SolutionGuid = {D89BA1A0-36B3-4E57-BEA4-A3384EB6D038}
	EndGlobalSection
EndGlobal
